<?xml version="1.0" encoding="utf-8"?>
<Project ToolsVersion="4.0" xmlns="http://schemas.microsoft.com/developer/msbuild/2003">
  <ItemGroup>
    <Filter Include="Source Files">
      <UniqueIdentifier>{4FC737F1-C7A5-4376-A066-2A32D752A2FF}</UniqueIdentifier>
      <Extensions>cpp;c;cc;cxx;c++;cppm;ixx;def;odl;idl;hpj;bat;asm;asmx</Extensions>
    </Filter>
    <Filter Include="Header Files">
      <UniqueIdentifier>{93995380-89BD-4b04-88EB-625FBE52EBFB}</UniqueIdentifier>
      <Extensions>h;hh;hpp;hxx;h++;hm;inl;inc;ipp;xsd</Extensions>
    </Filter>
    <Filter Include="Resource Files">
      <UniqueIdentifier>{67DA6AB6-F800-4c08-8B7A-83BB121AAD01}</UniqueIdentifier>
      <Extensions>rc;ico;cur;bmp;dlg;rc2;rct;bin;rgs;gif;jpg;jpeg;jpe;resx;tiff;tif;png;wav;mfcribbon-ms</Extensions>
    </Filter>
    <Filter Include="input">
      <UniqueIdentifier>{14ea4217-0eb1-4d1a-b518-4884c04204ea}</UniqueIdentifier>
    </Filter>
    <Filter Include="output">
      <UniqueIdentifier>{a9bb3d25-9597-48e6-89d7-6823e75ac068}</UniqueIdentifier>
    </Filter>
  </ItemGroup>
  <ItemGroup>
    <ClCompile Include="PROJECT_MPI.cpp">
      <Filter>Source Files</Filter>
    </ClCompile>
    <ClCompile Include="quik_search.cpp">
      <Filter>Source Files</Filter>
    </ClCompile>
    <ClCompile Include="prime_finder.cpp">
      <Filter>Source Files</Filter>
    </ClCompile>
    <ClCompile Include="bitonic_sort.cpp">
      <Filter>Source Files</Filter>
    </ClCompile>
    <ClCompile Include="radix_sort.cpp">
      <Filter>Source Files</Filter>
    </ClCompile>
    <ClCompile Include="sample_sort.cpp">
      <Filter>Source Files</Filter>
    </ClCompile>
  </ItemGroup>
  <ItemGroup>
    <ClInclude Include="quick_search.h">
      <Filter>Header Files</Filter>
    </ClInclude>
    <ClInclude Include="prime_finder.h">
      <Filter>Header Files</Filter>
    </ClInclude>
    <ClInclude Include="bitonic_sort.h">
      <Filter>Header Files</Filter>
    </ClInclude>
    <ClInclude Include="radix_sort.h">
      <Filter>Header Files</Filter>
    </ClInclude>
    <ClInclude Include="sample_sort.h">
      <Filter>Header Files</Filter>
    </ClInclude>
  </ItemGroup>
  <ItemGroup>
    <Text Include="input_quicksearch.txt">
      <Filter>input</Filter>
    </Text>
    <Text Include="input_radixsort.txt">
      <Filter>input</Filter>
    </Text>
    <Text Include="input_bitonic.txt">
      <Filter>input</Filter>
    </Text>
    <Text Include="output_bitonic.txt">
      <Filter>output</Filter>
    </Text>
    <Text Include="output_radixsort.txt">
      <Filter>output</Filter>
    </Text>
    <Text Include="output_samplesort.txt">
      <Filter>output</Filter>
    </Text>
    <Text Include="input_samplesort.txt">
      <Filter>input</Filter>
    </Text>
  </ItemGroup>
</Project>